
Microsoft Visual Studio Solution File, Format Version 12.00
# Visual Studio Version 17
VisualStudioVersion = 17.3.32929.385
MinimumVisualStudioVersion = 10.0.40219.1
Project("{FAE04EC0-301F-11D3-BF4B-00C04F79EFBC}") = "02-變數展示", "02-變數展示\02-變數展示.csproj", "{287FCF36-4A64-4577-A0D5-337201433D89}"
EndProject
Project("{FAE04EC0-301F-11D3-BF4B-00C04F79EFBC}") = "01-Hello", "01-Hello\01-Hello.csproj", "{82994F2C-98A3-4837-8E13-2C24EDF0D08B}"
EndProject
Project("{FAE04EC0-301F-11D3-BF4B-00C04F79EFBC}") = "03-字串方式", "03-字串方式\03-字串方式.csproj", "{7E31AD82-1264-4F5E-B25F-89F6882EB8F4}"
EndProject
Project("{FAE04EC0-301F-11D3-BF4B-00C04F79EFBC}") = "04-變數交換", "04-變數交換\04-變數交換.csproj", "{BEA59194-316A-4423-A1B3-1A7A2717EA9F}"
EndProject
Project("{FAE04EC0-301F-11D3-BF4B-00C04F79EFBC}") = "05-字串數字轉換", "05-字串數字轉換\05-字串數字轉換.csproj", "{B5BA6CEE-8F45-42FD-8047-DF53D2696D70}"
EndProject
Project("{FAE04EC0-301F-11D3-BF4B-00C04F79EFBC}") = "06-運算符", "06-運算符\06-運算符.csproj", "{024AA9FD-6CC9-4247-BBC2-E3C89CFD1159}"
EndProject
Global
	GlobalSection(SolutionConfigurationPlatforms) = preSolution
		Debug|Any CPU = Debug|Any CPU
		Release|Any CPU = Release|Any CPU
	EndGlobalSection
	GlobalSection(ProjectConfigurationPlatforms) = postSolution
		{287FCF36-4A64-4577-A0D5-337201433D89}.Debug|Any CPU.ActiveCfg = Debug|Any CPU
		{287FCF36-4A64-4577-A0D5-337201433D89}.Debug|Any CPU.Build.0 = Debug|Any CPU
		{287FCF36-4A64-4577-A0D5-337201433D89}.Release|Any CPU.ActiveCfg = Release|Any CPU
		{287FCF36-4A64-4577-A0D5-337201433D89}.Release|Any CPU.Build.0 = Release|Any CPU
		{82994F2C-98A3-4837-8E13-2C24EDF0D08B}.Debug|Any CPU.ActiveCfg = Debug|Any CPU
		{82994F2C-98A3-4837-8E13-2C24EDF0D08B}.Debug|Any CPU.Build.0 = Debug|Any CPU
		{82994F2C-98A3-4837-8E13-2C24EDF0D08B}.Release|Any CPU.ActiveCfg = Release|Any CPU
		{82994F2C-98A3-4837-8E13-2C24EDF0D08B}.Release|Any CPU.Build.0 = Release|Any CPU
		{7E31AD82-1264-4F5E-B25F-89F6882EB8F4}.Debug|Any CPU.ActiveCfg = Debug|Any CPU
		{7E31AD82-1264-4F5E-B25F-89F6882EB8F4}.Debug|Any CPU.Build.0 = Debug|Any CPU
		{7E31AD82-1264-4F5E-B25F-89F6882EB8F4}.Release|Any CPU.ActiveCfg = Release|Any CPU
		{7E31AD82-1264-4F5E-B25F-89F6882EB8F4}.Release|Any CPU.Build.0 = Release|Any CPU
		{BEA59194-316A-4423-A1B3-1A7A2717EA9F}.Debug|Any CPU.ActiveCfg = Debug|Any CPU
		{BEA59194-316A-4423-A1B3-1A7A2717EA9F}.Debug|Any CPU.Build.0 = Debug|Any CPU
		{BEA59194-316A-4423-A1B3-1A7A2717EA9F}.Release|Any CPU.ActiveCfg = Release|Any CPU
		{BEA59194-316A-4423-A1B3-1A7A2717EA9F}.Release|Any CPU.Build.0 = Release|Any CPU
		{B5BA6CEE-8F45-42FD-8047-DF53D2696D70}.Debug|Any CPU.ActiveCfg = Debug|Any CPU
		{B5BA6CEE-8F45-42FD-8047-DF53D2696D70}.Debug|Any CPU.Build.0 = Debug|Any CPU
		{B5BA6CEE-8F45-42FD-8047-DF53D2696D70}.Release|Any CPU.ActiveCfg = Release|Any CPU
		{B5BA6CEE-8F45-42FD-8047-DF53D2696D70}.Release|Any CPU.Build.0 = Release|Any CPU
		{024AA9FD-6CC9-4247-BBC2-E3C89CFD1159}.Debug|Any CPU.ActiveCfg = Debug|Any CPU
		{024AA9FD-6CC9-4247-BBC2-E3C89CFD1159}.Debug|Any CPU.Build.0 = Debug|Any CPU
		{024AA9FD-6CC9-4247-BBC2-E3C89CFD1159}.Release|Any CPU.ActiveCfg = Release|Any CPU
		{024AA9FD-6CC9-4247-BBC2-E3C89CFD1159}.Release|Any CPU.Build.0 = Release|Any CPU
	EndGlobalSection
	GlobalSection(SolutionProperties) = preSolution
		HideSolutionNode = FALSE
	EndGlobalSection
	GlobalSection(ExtensibilityGlobals) = postSolution
		SolutionGuid = {E8DF70CC-9542-4555-9AF1-92CB40796394}
	EndGlobalSection
EndGlobal
