
Microsoft Visual Studio Solution File, Format Version 12.00
# Visual Studio Version 17
VisualStudioVersion = 17.3.32929.385
MinimumVisualStudioVersion = 10.0.40219.1
Project("{FAE04EC0-301F-11D3-BF4B-00C04F79EFBC}") = "01-字串處理", "01-字串處理\01-字串處理.csproj", "{B28B5573-EE4F-4004-98ED-AD09279AEF78}"
EndProject
Project("{FAE04EC0-301F-11D3-BF4B-00C04F79EFBC}") = "03-常數", "03-常數\03-常數.csproj", "{174C82E5-8094-41D8-A680-8826BB1463A0}"
EndProject
Project("{FAE04EC0-301F-11D3-BF4B-00C04F79EFBC}") = "02-集合", "02-集合\02-集合.csproj", "{EF8FD2A0-E0CC-4200-A047-9BCC70D260D4}"
EndProject
Project("{FAE04EC0-301F-11D3-BF4B-00C04F79EFBC}") = "04-委派", "04-委派\04-委派.csproj", "{1F9BCE88-0AD2-4828-B564-59A6083F1763}"
EndProject
Global
	GlobalSection(SolutionConfigurationPlatforms) = preSolution
		Debug|Any CPU = Debug|Any CPU
		Release|Any CPU = Release|Any CPU
	EndGlobalSection
	GlobalSection(ProjectConfigurationPlatforms) = postSolution
		{B28B5573-EE4F-4004-98ED-AD09279AEF78}.Debug|Any CPU.ActiveCfg = Debug|Any CPU
		{B28B5573-EE4F-4004-98ED-AD09279AEF78}.Debug|Any CPU.Build.0 = Debug|Any CPU
		{B28B5573-EE4F-4004-98ED-AD09279AEF78}.Release|Any CPU.ActiveCfg = Release|Any CPU
		{B28B5573-EE4F-4004-98ED-AD09279AEF78}.Release|Any CPU.Build.0 = Release|Any CPU
		{174C82E5-8094-41D8-A680-8826BB1463A0}.Debug|Any CPU.ActiveCfg = Debug|Any CPU
		{174C82E5-8094-41D8-A680-8826BB1463A0}.Debug|Any CPU.Build.0 = Debug|Any CPU
		{174C82E5-8094-41D8-A680-8826BB1463A0}.Release|Any CPU.ActiveCfg = Release|Any CPU
		{174C82E5-8094-41D8-A680-8826BB1463A0}.Release|Any CPU.Build.0 = Release|Any CPU
		{EF8FD2A0-E0CC-4200-A047-9BCC70D260D4}.Debug|Any CPU.ActiveCfg = Debug|Any CPU
		{EF8FD2A0-E0CC-4200-A047-9BCC70D260D4}.Debug|Any CPU.Build.0 = Debug|Any CPU
		{EF8FD2A0-E0CC-4200-A047-9BCC70D260D4}.Release|Any CPU.ActiveCfg = Release|Any CPU
		{EF8FD2A0-E0CC-4200-A047-9BCC70D260D4}.Release|Any CPU.Build.0 = Release|Any CPU
		{1F9BCE88-0AD2-4828-B564-59A6083F1763}.Debug|Any CPU.ActiveCfg = Debug|Any CPU
		{1F9BCE88-0AD2-4828-B564-59A6083F1763}.Debug|Any CPU.Build.0 = Debug|Any CPU
		{1F9BCE88-0AD2-4828-B564-59A6083F1763}.Release|Any CPU.ActiveCfg = Release|Any CPU
		{1F9BCE88-0AD2-4828-B564-59A6083F1763}.Release|Any CPU.Build.0 = Release|Any CPU
	EndGlobalSection
	GlobalSection(SolutionProperties) = preSolution
		HideSolutionNode = FALSE
	EndGlobalSection
	GlobalSection(ExtensibilityGlobals) = postSolution
		SolutionGuid = {89C5EF0C-D6AC-4ADF-9043-B23257149925}
	EndGlobalSection
EndGlobal
